// !$*UTF8*$!
{
	archiveVersion = 1;
	classes = {
	};
	objectVersion = 46;
	objects = {

/* Begin PBXBuildFile section */
		588C00001F7BA3D400C7B82D /* ViewController.m in Sources */ = {isa = PBXBuildFile; fileRef = 588CFFFF1F7BA3D400C7B82D /* ViewController.m */; };
		588C00031F7BA3D400C7B82D /* Main.storyboard in Resources */ = {isa = PBXBuildFile; fileRef = 588C00011F7BA3D400C7B82D /* Main.storyboard */; };
		588C00051F7BA3D400C7B82D /* Assets.xcassets in Resources */ = {isa = PBXBuildFile; fileRef = 588C00041F7BA3D400C7B82D /* Assets.xcassets */; };
		588C00081F7BA3D400C7B82D /* LaunchScreen.storyboard in Resources */ = {isa = PBXBuildFile; fileRef = 588C00061F7BA3D400C7B82D /* LaunchScreen.storyboard */; };
		588C00111F7BA4DD00C7B82D /* NineViewController.m in Sources */ = {isa = PBXBuildFile; fileRef = 588C00101F7BA4DD00C7B82D /* NineViewController.m */; };
		588C00141F7CE7B800C7B82D /* NRandomViewController.m in Sources */ = {isa = PBXBuildFile; fileRef = 588C00131F7CE7B800C7B82D /* NRandomViewController.m */; };
		588CFFFA1F7BA3D400C7B82D /* main.m in Sources */ = {isa = PBXBuildFile; fileRef = 588CFFF91F7BA3D400C7B82D /* main.m */; };
		588CFFFD1F7BA3D400C7B82D /* AppDelegate.m in Sources */ = {isa = PBXBuildFile; fileRef = 588CFFFC1F7BA3D400C7B82D /* AppDelegate.m */; };
/* End PBXBuildFile section */

/* Begin PBXFileReference section */
		588C00021F7BA3D400C7B82D /* Base */ = {isa = PBXFileReference; lastKnownFileType = file.storyboard; name = Base; path = Base.lproj/Main.storyboard; sourceTree = "<group>"; };
		588C00041F7BA3D400C7B82D /* Assets.xcassets */ = {isa = PBXFileReference; lastKnownFileType = folder.assetcatalog; path = Assets.xcassets; sourceTree = "<group>"; };
		588C00071F7BA3D400C7B82D /* Base */ = {isa = PBXFileReference; lastKnownFileType = file.storyboard; name = Base; path = Base.lproj/LaunchScreen.storyboard; sourceTree = "<group>"; };
		588C00091F7BA3D400C7B82D /* Info.plist */ = {isa = PBXFileReference; lastKnownFileType = text.plist.xml; path = Info.plist; sourceTree = "<group>"; };
		588C000F1F7BA4DD00C7B82D /* NineViewController.h */ = {isa = PBXFileReference; fileEncoding = 4; lastKnownFileType = sourcecode.c.h; path = NineViewController.h; sourceTree = "<group>"; };
		588C00101F7BA4DD00C7B82D /* NineViewController.m */ = {isa = PBXFileReference; fileEncoding = 4; lastKnownFileType = sourcecode.c.objc; path = NineViewController.m; sourceTree = "<group>"; };
		588C00121F7CE7B800C7B82D /* NRandomViewController.h */ = {isa = PBXFileReference; fileEncoding = 4; lastKnownFileType = sourcecode.c.h; path = NRandomViewController.h; sourceTree = "<group>"; };
		588C00131F7CE7B800C7B82D /* NRandomViewController.m */ = {isa = PBXFileReference; fileEncoding = 4; lastKnownFileType = sourcecode.c.objc; path = NRandomViewController.m; sourceTree = "<group>"; };
		588CFFF51F7BA3D400C7B82D /* NineGridGame.app */ = {isa = PBXFileReference; explicitFileType = wrapper.application; includeInIndex = 0; path = NineGridGame.app; sourceTree = BUILT_PRODUCTS_DIR; };
		588CFFF91F7BA3D400C7B82D /* main.m */ = {isa = PBXFileReference; lastKnownFileType = sourcecode.c.objc; path = main.m; sourceTree = "<group>"; };
		588CFFFB1F7BA3D400C7B82D /* AppDelegate.h */ = {isa = PBXFileReference; lastKnownFileType = sourcecode.c.h; path = AppDelegate.h; sourceTree = "<group>"; };
		588CFFFC1F7BA3D400C7B82D /* AppDelegate.m */ = {isa = PBXFileReference; lastKnownFileType = sourcecode.c.objc; path = AppDelegate.m; sourceTree = "<group>"; };
		588CFFFE1F7BA3D400C7B82D /* ViewController.h */ = {isa = PBXFileReference; lastKnownFileType = sourcecode.c.h; path = ViewController.h; sourceTree = "<group>"; };
		588CFFFF1F7BA3D400C7B82D /* ViewController.m */ = {isa = PBXFileReference; lastKnownFileType = sourcecode.c.objc; path = ViewController.m; sourceTree = "<group>"; };
/* End PBXFileReference section */

/* Begin PBXFrameworksBuildPhase section */
		588CFFF21F7BA3D400C7B82D /* Frameworks */ = {
			isa = PBXFrameworksBuildPhase;
			buildActionMask = 2147483647;
			files = (
			);
			runOnlyForDeploymentPostprocessing = 0;
		};
/* End PBXFrameworksBuildPhase section */

/* Begin PBXGroup section */
		588CFFEC1F7BA3D400C7B82D = {
			isa = PBXGroup;
			children = (
				588CFFF71F7BA3D400C7B82D /* NineGridGame */,
				588CFFF61F7BA3D400C7B82D /* Products */,
			);
			sourceTree = "<group>";
		};
		588CFFF61F7BA3D400C7B82D /* Products */ = {
			isa = PBXGroup;
			children = (
				588CFFF51F7BA3D400C7B82D /* NineGridGame.app */,
			);
			name = Products;
			sourceTree = "<group>";
		};
		588CFFF71F7BA3D400C7B82D /* NineGridGame */ = {
			isa = PBXGroup;
			children = (
				588CFFFB1F7BA3D400C7B82D /* AppDelegate.h */,
				588CFFFC1F7BA3D400C7B82D /* AppDelegate.m */,
				588CFFFE1F7BA3D400C7B82D /* ViewController.h */,
				588CFFFF1F7BA3D400C7B82D /* ViewController.m */,
				588C000F1F7BA4DD00C7B82D /* NineViewController.h */,
				588C00101F7BA4DD00C7B82D /* NineViewController.m */,
				588C00121F7CE7B800C7B82D /* NRandomViewController.h */,
				588C00131F7CE7B800C7B82D /* NRandomViewController.m */,
				588C00011F7BA3D400C7B82D /* Main.storyboard */,
				588C00041F7BA3D400C7B82D /* Assets.xcassets */,
				588C00061F7BA3D400C7B82D /* LaunchScreen.storyboard */,
				588C00091F7BA3D400C7B82D /* Info.plist */,
				588CFFF81F7BA3D400C7B82D /* Supporting Files */,
			);
			path = NineGridGame;
			sourceTree = "<group>";
		};
		588CFFF81F7BA3D400C7B82D /* Supporting Files */ = {
			isa = PBXGroup;
			children = (
				588CFFF91F7BA3D400C7B82D /* main.m */,
			);
			name = "Supporting Files";
			sourceTree = "<group>";
		};
/* End PBXGroup section */

/* Begin PBXNativeTarget section */
		588CFFF41F7BA3D400C7B82D /* NineGridGame */ = {
			isa = PBXNativeTarget;
			buildConfigurationList = 588C000C1F7BA3D400C7B82D /* Build configuration list for PBXNativeTarget "NineGridGame" */;
			buildPhases = (
				588CFFF11F7BA3D400C7B82D /* Sources */,
				588CFFF21F7BA3D400C7B82D /* Frameworks */,
				588CFFF31F7BA3D400C7B82D /* Resources */,
			);
			buildRules = (
			);
			dependencies = (
			);
			name = NineGridGame;
			productName = NineGridGame;
			productReference = 588CFFF51F7BA3D400C7B82D /* NineGridGame.app */;
			productType = "com.apple.product-type.application";
		};
/* End PBXNativeTarget section */

/* Begin PBXProject section */
		588CFFED1F7BA3D400C7B82D /* Project object */ = {
			isa = PBXProject;
			attributes = {
				LastUpgradeCheck = 0830;
				ORGANIZATIONNAME = nextlabs;
				TargetAttributes = {
					588CFFF41F7BA3D400C7B82D = {
						CreatedOnToolsVersion = 8.3.1;
						ProvisioningStyle = Automatic;
					};
				};
			};
			buildConfigurationList = 588CFFF01F7BA3D400C7B82D /* Build configuration list for PBXProject "NineGridGame" */;
			compatibilityVersion = "Xcode 3.2";
			developmentRegion = English;
			hasScannedForEncodings = 0;
			knownRegions = (
				en,
				Base,
			);
			mainGroup = 588CFFEC1F7BA3D400C7B82D;
			productRefGroup = 588CFFF61F7BA3D400C7B82D /* Products */;
			projectDirPath = "";
			projectRoot = "";
			targets = (
				588CFFF41F7BA3D400C7B82D /* NineGridGame */,
			);
		};
/* End PBXProject section */

/* Begin PBXResourcesBuildPhase section */
		588CFFF31F7BA3D400C7B82D /* Resources */ = {
			isa = PBXResourcesBuildPhase;
			buildActionMask = 2147483647;
			files = (
				588C00081F7BA3D400C7B82D /* LaunchScreen.storyboard in Resources */,
				588C00051F7BA3D400C7B82D /* Assets.xcassets in Resources */,
				588C00031F7BA3D400C7B82D /* Main.storyboard in Resources */,
			);
			runOnlyForDeploymentPostprocessing = 0;
		};
/* End PBXResourcesBuildPhase section */

/* Begin PBXSourcesBuildPhase section */
		588CFFF11F7BA3D400C7B82D /* Sources */ = {
			isa = PBXSourcesBuildPhase;
			buildActionMask = 2147483647;
			files = (
				588C00111F7BA4DD00C7B82D /* NineViewController.m in Sources */,
				588C00141F7CE7B800C7B82D /* NRandomViewController.m in Sources */,
				588C00001F7BA3D400C7B82D /* ViewController.m in Sources */,
				588CFFFD1F7BA3D400C7B82D /* AppDelegate.m in Sources */,
				588CFFFA1F7BA3D400C7B82D /* main.m in Sources */,
			);
			runOnlyForDeploymentPostprocessing = 0;
		};
/* End PBXSourcesBuildPhase section */

/* Begin PBXVariantGroup section */
		588C00011F7BA3D400C7B82D /* Main.storyboard */ = {
			isa = PBXVariantGroup;
			children = (
				588C00021F7BA3D400C7B82D /* Base */,
			);
			name = Main.storyboard;
			sourceTree = "<group>";
		};
		588C00061F7BA3D400C7B82D /* LaunchScreen.storyboard */ = {
			isa = PBXVariantGroup;
			children = (
				588C00071F7BA3D400C7B82D /* Base */,
			);
			name = LaunchScreen.storyboard;
			sourceTree = "<group>";
		};
/* End PBXVariantGroup section */

/* Begin XCBuildConfiguration section */
		588C000A1F7BA3D400C7B82D /* Debug */ = {
			isa = XCBuildConfiguration;
			buildSettings = {
				ALWAYS_SEARCH_USER_PATHS = NO;
				CLANG_ANALYZER_NONNULL = YES;
				CLANG_ANALYZER_NUMBER_OBJECT_CONVERSION = YES_AGGRESSIVE;
				CLANG_CXX_LANGUAGE_STANDARD = "gnu++0x";
				CLANG_CXX_LIBRARY = "libc++";
				CLANG_ENABLE_MODULES = YES;
				CLANG_ENABLE_OBJC_ARC = YES;
				CLANG_WARN_BOOL_CONVERSION = YES;
				CLANG_WARN_CONSTANT_CONVERSION = YES;
				CLANG_WARN_DIRECT_OBJC_ISA_USAGE = YES_ERROR;
				CLANG_WARN_DOCUMENTATION_COMMENTS = YES;
				CLANG_WARN_EMPTY_BODY = YES;
				CLANG_WARN_ENUM_CONVERSION = YES;
				CLANG_WARN_INFINITE_RECURSION = YES;
				CLANG_WARN_INT_CONVERSION = YES;
				CLANG_WARN_OBJC_ROOT_CLASS = YES_ERROR;
				CLANG_WARN_SUSPICIOUS_MOVE = YES;
				CLANG_WARN_UNREACHABLE_CODE = YES;
				CLANG_WARN__DUPLICATE_METHOD_MATCH = YES;
				"CODE_SIGN_IDENTITY[sdk=iphoneos*]" = "iPhone Developer";
				COPY_PHASE_STRIP = NO;
				DEBUG_INFORMATION_FORMAT = dwarf;
				ENABLE_STRICT_OBJC_MSGSEND = YES;
				ENABLE_TESTABILITY = YES;
				GCC_C_LANGUAGE_STANDARD = gnu99;
				GCC_DYNAMIC_NO_PIC = NO;
				GCC_NO_COMMON_BLOCKS = YES;
				GCC_OPTIMIZATION_LEVEL = 0;
				GCC_PREPROCESSOR_DEFINITIONS = (
					"DEBUG=1",
					"$(inherited)",
				);
				GCC_WARN_64_TO_32_BIT_CONVERSION = YES;
				GCC_WARN_ABOUT_RETURN_TYPE = YES_ERROR;
				GCC_WARN_UNDECLARED_SELECTOR = YES;
				GCC_WARN_UNINITIALIZED_AUTOS = YES_AGGRESSIVE;
				GCC_WARN_UNUSED_FUNCTION = YES;
				GCC_WARN_UNUSED_VARIABLE = YES;
				IPHONEOS_DEPLOYMENT_TARGET = 10.3;
				MTL_ENABLE_DEBUG_INFO = YES;
				ONLY_ACTIVE_ARCH = YES;
				SDKROOT = iphoneos;
			};
			name = Debug;
		};
		588C000B1F7BA3D400C7B82D /* Release */ = {
			isa = XCBuildConfiguration;
			buildSettings = {
				ALWAYS_SEARCH_USER_PATHS = NO;
				CLANG_ANALYZER_NONNULL = YES;
				CLANG_ANALYZER_NUMBER_OBJECT_CONVERSION = YES_AGGRESSIVE;
				CLANG_CXX_LANGUAGE_STANDARD = "gnu++0x";
				CLANG_CXX_LIBRARY = "libc++";
				CLANG_ENABLE_MODULES = YES;
				CLANG_ENABLE_OBJC_ARC = YES;
				CLANG_WARN_BOOL_CONVERSION = YES;
				CLANG_WARN_CONSTANT_CONVERSION = YES;
				CLANG_WARN_DIRECT_OBJC_ISA_USAGE = YES_ERROR;
				CLANG_WARN_DOCUMENTATION_COMMENTS = YES;
				CLANG_WARN_EMPTY_BODY = YES;
				CLANG_WARN_ENUM_CONVERSION = YES;
				CLANG_WARN_INFINITE_RECURSION = YES;
				CLANG_WARN_INT_CONVERSION = YES;
				CLANG_WARN_OBJC_ROOT_CLASS = YES_ERROR;
				CLANG_WARN_SUSPICIOUS_MOVE = YES;
				CLANG_WARN_UNREACHABLE_CODE = YES;
				CLANG_WARN__DUPLICATE_METHOD_MATCH = YES;
				"CODE_SIGN_IDENTITY[sdk=iphoneos*]" = "iPhone Developer";
				COPY_PHASE_STRIP = NO;
				DEBUG_INFORMATION_FORMAT = "dwarf-with-dsym";
				ENABLE_NS_ASSERTIONS = NO;
				ENABLE_STRICT_OBJC_MSGSEND = YES;
				GCC_C_LANGUAGE_STANDARD = gnu99;
				GCC_NO_COMMON_BLOCKS = YES;
				GCC_WARN_64_TO_32_BIT_CONVERSION = YES;
				GCC_WARN_ABOUT_RETURN_TYPE = YES_ERROR;
				GCC_WARN_UNDECLARED_SELECTOR = YES;
				GCC_WARN_UNINITIALIZED_AUTOS = YES_AGGRESSIVE;
				GCC_WARN_UNUSED_FUNCTION = YES;
				GCC_WARN_UNUSED_VARIABLE = YES;
				IPHONEOS_DEPLOYMENT_TARGET = 10.3;
				MTL_ENABLE_DEBUG_INFO = NO;
				SDKROOT = iphoneos;
				VALIDATE_PRODUCT = YES;
			};
			name = Release;
		};
		588C000D1F7BA3D400C7B82D /* Debug */ = {
			isa = XCBuildConfiguration;
			buildSettings = {
				ASSETCATALOG_COMPILER_APPICON_NAME = AppIcon;
				INFOPLIST_FILE = NineGridGame/Info.plist;
				IPHONEOS_DEPLOYMENT_TARGET = 10.0;
				LD_RUNPATH_SEARCH_PATHS = "$(inherited) @executable_path/Frameworks";
				PRODUCT_BUNDLE_IDENTIFIER = com.szn.NineGridGame;
				PRODUCT_NAME = "$(TARGET_NAME)";
			};
			name = Debug;
		};
		588C000E1F7BA3D400C7B82D /* Release */ = {
			isa = XCBuildConfiguration;
			buildSettings = {
				ASSETCATALOG_COMPILER_APPICON_NAME = AppIcon;
				INFOPLIST_FILE = NineGridGame/Info.plist;
				IPHONEOS_DEPLOYMENT_TARGET = 10.0;
				LD_RUNPATH_SEARCH_PATHS = "$(inherited) @executable_path/Frameworks";
				PRODUCT_BUNDLE_IDENTIFIER = com.szn.NineGridGame;
				PRODUCT_NAME = "$(TARGET_NAME)";
			};
			name = Release;
		};
/* End XCBuildConfiguration section */

/* Begin XCConfigurationList section */
		588C000C1F7BA3D400C7B82D /* Build configuration list for PBXNativeTarget "NineGridGame" */ = {
			isa = XCConfigurationList;
			buildConfigurations = (
				588C000D1F7BA3D400C7B82D /* Debug */,
				588C000E1F7BA3D400C7B82D /* Release */,
			);
			defaultConfigurationIsVisible = 0;
			defaultConfigurationName = Release;
		};
		588CFFF01F7BA3D400C7B82D /* Build configuration list for PBXProject "NineGridGame" */ = {
			isa = XCConfigurationList;
			buildConfigurations = (
				588C000A1F7BA3D400C7B82D /* Debug */,
				588C000B1F7BA3D400C7B82D /* Release */,
			);
			defaultConfigurationIsVisible = 0;
			defaultConfigurationName = Release;
		};
/* End XCConfigurationList section */
	};
	rootObject = 588CFFED1F7BA3D400C7B82D /* Project object */;
}
